
Microsoft Visual Studio Solution File, Format Version 12.00
# Visual Studio Version 17
VisualStudioVersion = 17.5.002.0
MinimumVisualStudioVersion = 10.0.40219.1
Project("{9A19103F-16F7-4668-BE54-9A1E7A4F7556}") = "Session08", "Session08.csproj", "{439253A2-8E48-4081-934D-A95AB4BAE220}"
EndProject
Global
	GlobalSection(SolutionConfigurationPlatforms) = preSolution
		Debug|Any CPU = Debug|Any CPU
		Release|Any CPU = Release|Any CPU
	EndGlobalSection
	GlobalSection(ProjectConfigurationPlatforms) = postSolution
		{439253A2-8E48-4081-934D-A95AB4BAE220}.Debug|Any CPU.ActiveCfg = Debug|Any CPU
		{439253A2-8E48-4081-934D-A95AB4BAE220}.Debug|Any CPU.Build.0 = Debug|Any CPU
		{439253A2-8E48-4081-934D-A95AB4BAE220}.Release|Any CPU.ActiveCfg = Release|Any CPU
		{439253A2-8E48-4081-934D-A95AB4BAE220}.Release|Any CPU.Build.0 = Release|Any CPU
	EndGlobalSection
	GlobalSection(SolutionProperties) = preSolution
		HideSolutionNode = FALSE
	EndGlobalSection
	GlobalSection(ExtensibilityGlobals) = postSolution
		SolutionGuid = {54A3F5BE-8A18-4EBC-8797-B0298417BE31}
	EndGlobalSection
EndGlobal
